
Microsoft Visual Studio Solution File, Format Version 12.00
# Visual Studio 15
VisualStudioVersion = 15.0.27428.2002
MinimumVisualStudioVersion = 10.0.40219.1
Project("{9A19103F-16F7-4668-BE54-9A1E7A4F7556}") = "WebCamStream.Console", "WebCamStream.Console\WebCamStream.Console.csproj", "{AAF31380-0F79-4D60-AB37-AA1AD122ACE1}"
EndProject
Global
	GlobalSection(SolutionConfigurationPlatforms) = preSolution
		Debug|Any CPU = Debug|Any CPU
		Release|Any CPU = Release|Any CPU
	EndGlobalSection
	GlobalSection(ProjectConfigurationPlatforms) = postSolution
		{AAF31380-0F79-4D60-AB37-AA1AD122ACE1}.Debug|Any CPU.ActiveCfg = Debug|Any CPU
		{AAF31380-0F79-4D60-AB37-AA1AD122ACE1}.Debug|Any CPU.Build.0 = Debug|Any CPU
		{AAF31380-0F79-4D60-AB37-AA1AD122ACE1}.Release|Any CPU.ActiveCfg = Release|Any CPU
		{AAF31380-0F79-4D60-AB37-AA1AD122ACE1}.Release|Any CPU.Build.0 = Release|Any CPU
	EndGlobalSection
	GlobalSection(SolutionProperties) = preSolution
		HideSolutionNode = FALSE
	EndGlobalSection
	GlobalSection(ExtensibilityGlobals) = postSolution
		SolutionGuid = {A8D8D1CB-61A2-47C1-B3FB-10B426DF22F0}
	EndGlobalSection
EndGlobal
